
Microsoft Visual Studio Solution File, Format Version 12.00
# Visual Studio Version 16
VisualStudioVersion = 16.0.32126.315
MinimumVisualStudioVersion = 10.0.40219.1
Project("{FAE04EC0-301F-11D3-BF4B-00C04F79EFBC}") = "IValidateObjectPractice", "IValidateObjectPractice\IValidateObjectPractice.csproj", "{BA506DB4-E711-4F47-8A2F-2C90364DFB09}"
EndProject
Project("{FAE04EC0-301F-11D3-BF4B-00C04F79EFBC}") = "UnitTestProject1", "UnitTestProject1\UnitTestProject1.csproj", "{A158FD6E-F4C0-4ADA-99D6-7FA65EFCB507}"
EndProject
Global
	GlobalSection(SolutionConfigurationPlatforms) = preSolution
		Debug|Any CPU = Debug|Any CPU
		Release|Any CPU = Release|Any CPU
	EndGlobalSection
	GlobalSection(ProjectConfigurationPlatforms) = postSolution
		{BA506DB4-E711-4F47-8A2F-2C90364DFB09}.Debug|Any CPU.ActiveCfg = Debug|Any CPU
		{BA506DB4-E711-4F47-8A2F-2C90364DFB09}.Debug|Any CPU.Build.0 = Debug|Any CPU
		{BA506DB4-E711-4F47-8A2F-2C90364DFB09}.Release|Any CPU.ActiveCfg = Release|Any CPU
		{BA506DB4-E711-4F47-8A2F-2C90364DFB09}.Release|Any CPU.Build.0 = Release|Any CPU
		{A158FD6E-F4C0-4ADA-99D6-7FA65EFCB507}.Debug|Any CPU.ActiveCfg = Debug|Any CPU
		{A158FD6E-F4C0-4ADA-99D6-7FA65EFCB507}.Debug|Any CPU.Build.0 = Debug|Any CPU
		{A158FD6E-F4C0-4ADA-99D6-7FA65EFCB507}.Release|Any CPU.ActiveCfg = Release|Any CPU
		{A158FD6E-F4C0-4ADA-99D6-7FA65EFCB507}.Release|Any CPU.Build.0 = Release|Any CPU
	EndGlobalSection
	GlobalSection(SolutionProperties) = preSolution
		HideSolutionNode = FALSE
	EndGlobalSection
	GlobalSection(ExtensibilityGlobals) = postSolution
		SolutionGuid = {337BE1DB-E284-4A4F-B363-62F9F17023F7}
	EndGlobalSection
EndGlobal
